
Microsoft Visual Studio Solution File, Format Version 12.00
# Visual Studio 15
VisualStudioVersion = 15.0.28307.779
MinimumVisualStudioVersion = 10.0.40219.1
Project("{FAE04EC0-301F-11D3-BF4B-00C04F79EFBC}") = "mianxiangduixiangzuoye20200311", "mianxiangduixiangzuoye20200311\mianxiangduixiangzuoye20200311.csproj", "{198F17B6-03EA-45F7-8A69-AB03BBEF5AA6}"
EndProject
Global
	GlobalSection(SolutionConfigurationPlatforms) = preSolution
		Debug|Any CPU = Debug|Any CPU
		Release|Any CPU = Release|Any CPU
	EndGlobalSection
	GlobalSection(ProjectConfigurationPlatforms) = postSolution
		{198F17B6-03EA-45F7-8A69-AB03BBEF5AA6}.Debug|Any CPU.ActiveCfg = Debug|Any CPU
		{198F17B6-03EA-45F7-8A69-AB03BBEF5AA6}.Debug|Any CPU.Build.0 = Debug|Any CPU
		{198F17B6-03EA-45F7-8A69-AB03BBEF5AA6}.Release|Any CPU.ActiveCfg = Release|Any CPU
		{198F17B6-03EA-45F7-8A69-AB03BBEF5AA6}.Release|Any CPU.Build.0 = Release|Any CPU
	EndGlobalSection
	GlobalSection(SolutionProperties) = preSolution
		HideSolutionNode = FALSE
	EndGlobalSection
	GlobalSection(ExtensibilityGlobals) = postSolution
		SolutionGuid = {CFCEF1E0-DFF0-49EE-907F-C387BFD44BBE}
	EndGlobalSection
EndGlobal
